
Microsoft Visual Studio Solution File, Format Version 12.00
# Visual Studio Version 17
VisualStudioVersion = 17.7.34009.444
MinimumVisualStudioVersion = 10.0.40219.1
Project("{FAE04EC0-301F-11D3-BF4B-00C04F79EFBC}") = "OpenTicketCancellationWeb", "OpenTicketCancellationWeb\OpenTicketCancellationWeb.csproj", "{556E3F33-7302-4AF6-AEDE-28C732F5C618}"
EndProject
Project("{9A19103F-16F7-4668-BE54-9A1E7A4F7556}") = "BackGroundService", "..\..\BackGroundService\BackGroundService\BackGroundService.csproj", "{ADCC2CFE-991A-4916-81F4-8ECCF05EEBCC}"
EndProject
Global
	GlobalSection(SolutionConfigurationPlatforms) = preSolution
		Debug|Any CPU = Debug|Any CPU
		Release|Any CPU = Release|Any CPU
	EndGlobalSection
	GlobalSection(ProjectConfigurationPlatforms) = postSolution
		{556E3F33-7302-4AF6-AEDE-28C732F5C618}.Debug|Any CPU.ActiveCfg = Debug|Any CPU
		{556E3F33-7302-4AF6-AEDE-28C732F5C618}.Debug|Any CPU.Build.0 = Debug|Any CPU
		{556E3F33-7302-4AF6-AEDE-28C732F5C618}.Release|Any CPU.ActiveCfg = Release|Any CPU
		{556E3F33-7302-4AF6-AEDE-28C732F5C618}.Release|Any CPU.Build.0 = Release|Any CPU
		{ADCC2CFE-991A-4916-81F4-8ECCF05EEBCC}.Debug|Any CPU.ActiveCfg = Debug|Any CPU
		{ADCC2CFE-991A-4916-81F4-8ECCF05EEBCC}.Debug|Any CPU.Build.0 = Debug|Any CPU
		{ADCC2CFE-991A-4916-81F4-8ECCF05EEBCC}.Release|Any CPU.ActiveCfg = Release|Any CPU
		{ADCC2CFE-991A-4916-81F4-8ECCF05EEBCC}.Release|Any CPU.Build.0 = Release|Any CPU
	EndGlobalSection
	GlobalSection(SolutionProperties) = preSolution
		HideSolutionNode = FALSE
	EndGlobalSection
	GlobalSection(ExtensibilityGlobals) = postSolution
		SolutionGuid = {03FB162E-82A8-428F-83CC-69C9D90D7101}
	EndGlobalSection
EndGlobal
